github.com/apache/thrift v0.18.1 h1:lNhK/1nqjbwbiOPDBPFJVKxgDEGSepKuTh6OLiXW8kg=
github.com/apache/thrift v0.18.1/go.mod h1:rdQn/dCcDKEWjjylUeueum4vQEjG2v8v2PqriUnbr+I=
github.com/beltran/gohive v1.7.0 h1:Jvz6yrWuAAUWZ1Y84+24NjMcWYkUZZBUE7/sTWtLKY0=
github.com/beltran/gohive v1.7.0/go.mod h1:IgDi0gD1c73aKKQyS+3j1+NWSNn5NUK7rDcg/Rr6mTs=
github.com/beltran/gosasl v0.0.0-20200715011608-d5475aebb293 h1:1wRvU44e78w7zJoynLqrXLKSI+VEFEaWmzyq5JdUx7I=
github.com/beltran/gosasl v0.0.0-20200715011608-d5475aebb293/go.mod h1:Qx8cW6jkI8riyzmklj80kAIkv+iezFUTBiGU0qHhHes=
github.com/beltran/gssapi v0.0.0-20200324152954-d86554db4bab h1:ayfcn60tXOSYy5zUN1AMSTQo4nJCf7hrdzAVchpPst4=
github.com/beltran/gssapi v0.0.0-20200324152954-d86554db4bab/go.mod h1:GLe4UoSyvJ3cVG+DVtKen5eAiaD8mAJFuV5PT3Eeg9Q=
github.com/fatih/color v1.18.0 h1:S8gINlzdQ840/4pfAwic/ZE0djQEH3wM94VfqLTZcOM=
github.com/fatih/color v1.18.0/go.mod h1:4FelSpRwEGDpQ12mAdzqdOukCy4u8WUtOY6lkT/6HfU=
github.com/go-zookeeper/zk v1.0.1 h1:LmXNmSnkNsNKai+aDu6sHRr8ZJzIrHJo8z8Z4sm8cT8=
github.com/go-zookeeper/zk v1.0.1/go.mod h1:gpJdHazfkmlg4V0rt0vYeHYJHSL8hHFwV0qOd+HRTJE=
github.com/mattn/go-colorable v0.1.13 h1:fFA4WZxdEF4tXPZVKMLwD8oUnCTTo08duU7wxecdEvA=
github.com/mattn/go-colorable v0.1.13/go.mod h1:7S9/ev0klgBDR4GtXTXX8a3vIGJpMovkB8vQcUbaXHg=
github.com/mattn/go-isatty v0.0.16/go.mod h1:kYGgaQfpe5nmfYZH+SKPsOc2e4SrIfOl2e/yFXSvRLM=
github.com/mattn/go-isatty v0.0.20 h1:xfD0iDuEKnDkl03q4limB+vH+GxLEtL/jb4xVJSWWEY=
github.com/mattn/go-isatty v0.0.20/go.mod h1:W+V8PltTTMOvKvAeJH7IuucS94S2C6jfK/D7dTCTo3Y=
github.com/pkg/errors v0.9.1 h1:FEBLx1zS214owpjy7qsBeixbURkuhQAwrK5UwLGTwt4=
github.com/pkg/errors v0.9.1/go.mod h1:bwawxfHBFNV+L2hUp1rHADufV3IMtnDRdf1r5NINEl0=
golang.org/x/exp v0.0.0-20241217172543-b2144cdd0a67 h1:1UoZQm6f0P/ZO0w1Ri+f+ifG/gXhegadRdwBIXEFWDo=
golang.org/x/exp v0.0.0-20241217172543-b2144cdd0a67/go.mod h1:qj5a5QZpwLU2NLQudwIN5koi3beDhSAlJwa67PuM98c=
golang.org/x/sys v0.0.0-20220811171246-fbc7d0a398ab/go.mod h1:oPkhp1MJrh7nUepCBck5+mAzfO9JrbApNNgaTdGDITg=
golang.org/x/sys v0.6.0/go.mod h1:oPkhp1MJrh7nUepCBck5+mAzfO9JrbApNNgaTdGDITg=
golang.org/x/sys v0.25.0 h1:r+8e+loiHxRqhXVl6ML1nO3l1+oFoWbnlu2Ehimmi34=
golang.org/x/sys v0.25.0/go.mod h1:/VUhepiaJMQUp4+oa/7Zr1D23ma6VTLIYjOOTFZPUcA=
